{
  "name": "public",
  "lockfileVersion": 3,
  "requires": true,
  "packages": {
    "": {
      "dependencies": {
        "@anygridtech/frappe-agt-types": "^2.2.1",
        "typescript": "^5.9.3"
      }
    },
    "node_modules/@anygridtech/frappe-agt-types": {
      "version": "2.2.1",
      "resolved": "https://registry.npmjs.org/@anygridtech/frappe-agt-types/-/frappe-agt-types-2.2.1.tgz",
      "integrity": "sha512-Q+3jqfDc6atUSDx/sChjVJb6jUA1bjYbuBnAp2H4ZIEBJTMveC1WbSjgHgUVzYDapRRds4nlTpIUS1BLwi05RA==",
      "license": "MIT",
      "dependencies": {
        "@anygridtech/frappe-types": "^2.0.4"
      }
    },
    "node_modules/@anygridtech/frappe-types": {
      "version": "2.0.7",
      "resolved": "https://registry.npmjs.org/@anygridtech/frappe-types/-/frappe-types-2.0.7.tgz",
      "integrity": "sha512-DsMTFm90x8gOCzrlkAW/Tom5MDN3X8lNT8/8i6ARFZxJtsODL8DNfnr9o245N8RHQZXAceTzgI3TXBlSTp+iBw==",
      "license": "MIT",
      "dependencies": {
        "@types/jquery": "^3.5.33"
      }
    },
    "node_modules/@types/jquery": {
      "version": "3.5.33",
      "resolved": "https://registry.npmjs.org/@types/jquery/-/jquery-3.5.33.tgz",
      "integrity": "sha512-SeyVJXlCZpEki5F0ghuYe+L+PprQta6nRZqhONt9F13dWBtR/ftoaIbdRQ7cis7womE+X2LKhsDdDtkkDhJS6g==",
      "license": "MIT",
      "dependencies": {
        "@types/sizzle": "*"
      }
    },
    "node_modules/@types/sizzle": {
      "version": "2.3.10",
      "resolved": "https://registry.npmjs.org/@types/sizzle/-/sizzle-2.3.10.tgz",
      "integrity": "sha512-TC0dmN0K8YcWEAEfiPi5gJP14eJe30TTGjkvek3iM/1NdHHsdCA/Td6GvNndMOo/iSnIsZ4HuuhrYPDAmbxzww==",
      "license": "MIT"
    },
    "node_modules/typescript": {
      "version": "5.9.3",
      "resolved": "https://registry.npmjs.org/typescript/-/typescript-5.9.3.tgz",
      "integrity": "sha512-jl1vZzPDinLr9eUt3J/t7V6FgNEw9QjvBPdysz9KfQDD41fQrC2Y4vKQdiaUpFT4bXlb1RHhLpp8wtm6M5TgSw==",
      "license": "Apache-2.0",
      "bin": {
        "tsc": "bin/tsc",
        "tsserver": "bin/tsserver"
      },
      "engines": {
        "node": ">=14.17"
      }
    }
  }
}
